
Microsoft Visual Studio Solution File, Format Version 12.00
# Visual Studio Version 17
VisualStudioVersion = 17.8.34525.116
MinimumVisualStudioVersion = 10.0.40219.1
Project("{FAE04EC0-301F-11D3-BF4B-00C04F79EFBC}") = "car_vehicle", "car_vehicle.csproj", "{97F1907D-0EA5-4E76-9399-C78A04C60DB3}"
EndProject
Global
	GlobalSection(SolutionConfigurationPlatforms) = preSolution
		Debug|Any CPU = Debug|Any CPU
		Release|Any CPU = Release|Any CPU
	EndGlobalSection
	GlobalSection(ProjectConfigurationPlatforms) = postSolution
		{97F1907D-0EA5-4E76-9399-C78A04C60DB3}.Debug|Any CPU.ActiveCfg = Debug|Any CPU
		{97F1907D-0EA5-4E76-9399-C78A04C60DB3}.Debug|Any CPU.Build.0 = Debug|Any CPU
		{97F1907D-0EA5-4E76-9399-C78A04C60DB3}.Release|Any CPU.ActiveCfg = Release|Any CPU
		{97F1907D-0EA5-4E76-9399-C78A04C60DB3}.Release|Any CPU.Build.0 = Release|Any CPU
	EndGlobalSection
	GlobalSection(SolutionProperties) = preSolution
		HideSolutionNode = FALSE
	EndGlobalSection
	GlobalSection(ExtensibilityGlobals) = postSolution
		SolutionGuid = {DF71839D-5767-4E34-9FDC-42C8A7953FA0}
	EndGlobalSection
EndGlobal
